#MicroXplorer Configuration settings - do not modify
Mcu.Family=STM32F1
ProjectManager.MainLocation=Core/Src
ProjectManager.ProjectFileName=PUTM_EV_Brake_Light.ioc
PA7.Mode=TX_Only_Simplex_Unidirect_Master
ProjectManager.KeepUserCode=true
Mcu.UserName=STM32F105RBTx
Mcu.PinsNb=8
SPI1.VirtualType=VM_MASTER
ProjectManager.NoMain=false
SPI1.IPParameters=VirtualType,Mode,Direction,CalculateBaudRate
RCC.PLLCLKFreq_Value=16000000
CAN1.IPParameters=CalculateTimeQuantum,CalculateTimeBit
PC5.Locked=true
ProjectManager.functionlistsort=1-MX_GPIO_Init-GPIO-false-HAL-true,2-SystemClock_Config-RCC-false-HAL-false,3-MX_CAN1_Init-CAN1-false-HAL-true,4-MX_SPI1_Init-SPI1-false-HAL-true
PC4.Signal=GPIO_Output
ProjectManager.DefaultFWLocation=true
ProjectManager.DeletePrevious=true
VP_SYS_VS_ND.Mode=No_Debug
PinOutPanel.RotationAngle=0
RCC.FamilyName=M
ProjectManager.StackSize=0x400
Mcu.IP4=SYS
Mcu.IP2=RCC
NVIC.SVCall_IRQn=true\:0\:0\:false\:false\:true\:false\:false
Mcu.IP3=SPI1
Mcu.IP0=CAN1
Mcu.IP1=NVIC
Mcu.UserConstants=
ProjectManager.TargetToolchain=STM32CubeIDE
Mcu.ThirdPartyNb=0
SPI1.Direction=SPI_DIRECTION_2LINES
Mcu.IPNb=5
ProjectManager.PreviousToolchain=STM32CubeIDE
PC5.GPIOParameters=GPIO_Label
PB9.Mode=Master
PB9.Locked=true
SPI1.CalculateBaudRate=4.0 MBits/s
Mcu.Pin6=VP_SYS_VS_ND
Mcu.Pin7=VP_SYS_VS_Systick
ProjectManager.RegisterCallBack=
RCC.USBFreq_Value=10666666.666666666
Mcu.Pin0=PA5
Mcu.Pin1=PA7
GPIO.groupedBy=
Mcu.Pin2=PC4
Mcu.Pin3=PC5
Mcu.Pin4=PB8
Mcu.Pin5=PB9
PA5.Signal=SPI1_SCK
ProjectManager.ProjectBuild=false
NVIC.UsageFault_IRQn=true\:0\:0\:false\:false\:true\:false\:false
NVIC.DebugMonitor_IRQn=true\:0\:0\:false\:false\:true\:false\:false
board=custom
NVIC.SysTick_IRQn=true\:0\:0\:false\:false\:true\:false\:true
ProjectManager.LastFirmware=true
ProjectManager.FirmwarePackage=STM32Cube FW_F1 V1.8.2
MxDb.Version=DB.6.0.0
ProjectManager.BackupPrevious=false
MxCube.Version=6.0.1
PC4.GPIO_Label=TO_LE_DM1
SPI1.Mode=SPI_MODE_MASTER
File.Version=6
VP_SYS_VS_Systick.Mode=SysTick
VP_SYS_VS_ND.Signal=SYS_VS_ND
PB8.Locked=true
NVIC.NonMaskableInt_IRQn=true\:0\:0\:false\:false\:true\:false\:false
NVIC.PendSV_IRQn=true\:0\:0\:false\:false\:true\:false\:false
ProjectManager.FreePins=false
RCC.IPParameters=FamilyName,PLLCLKFreq_Value,TimSysFreq_Value,USBFreq_Value
ProjectManager.AskForMigrate=true
Mcu.Name=STM32F105R(8-B-C)Tx
ProjectManager.HalAssertFull=false
ProjectManager.ProjectName=PUTM_EV_Brake_Light
ProjectManager.UnderRoot=true
ProjectManager.CoupleFile=false
PB9.Signal=CAN1_TX
Mcu.Package=LQFP64
RCC.TimSysFreq_Value=8000000
NVIC.ForceEnableDMAVector=true
KeepUserPlacement=false
PC5.GPIO_Label=TO_OE_DM2
NVIC.MemoryManagement_IRQn=true\:0\:0\:false\:false\:true\:false\:false
ProjectManager.CompilerOptimize=6
ProjectManager.ToolChainLocation=
VP_SYS_VS_Systick.Signal=SYS_VS_Systick
ProjectManager.HeapSize=0x200
NVIC.HardFault_IRQn=true\:0\:0\:false\:false\:true\:false\:false
ProjectManager.ComputerToolchain=false
NVIC.PriorityGroup=NVIC_PRIORITYGROUP_4
PB8.Mode=Master
PB8.Signal=CAN1_RX
NVIC.BusFault_IRQn=true\:0\:0\:false\:false\:true\:false\:false
PC4.Locked=true
PC5.Signal=GPIO_Output
CAN1.CalculateTimeBit=6000
ProjectManager.CustomerFirmwarePackage=
PC4.GPIOParameters=GPIO_Label
ProjectManager.DeviceId=STM32F105RBTx
ProjectManager.LibraryCopy=1
NVIC.CAN1_RX0_IRQn=true\:0\:0\:false\:false\:true\:true\:true
CAN1.CalculateTimeQuantum=2000.0
PA5.Mode=TX_Only_Simplex_Unidirect_Master
PA7.Signal=SPI1_MOSI
